
Microsoft Visual Studio Solution File, Format Version 12.00
# Visual Studio Version 16
VisualStudioVersion = 16.0.31025.194
MinimumVisualStudioVersion = 10.0.40219.1
Project("{FAE04EC0-301F-11D3-BF4B-00C04F79EFBC}") = "Profissionais", "Profissionais\Profissionais.csproj", "{01CBD40F-C6D5-4F0D-ACBA-5C12D835CAA3}"
EndProject
Global
	GlobalSection(SolutionConfigurationPlatforms) = preSolution
		Debug|Any CPU = Debug|Any CPU
		Release|Any CPU = Release|Any CPU
	EndGlobalSection
	GlobalSection(ProjectConfigurationPlatforms) = postSolution
		{01CBD40F-C6D5-4F0D-ACBA-5C12D835CAA3}.Debug|Any CPU.ActiveCfg = Debug|Any CPU
		{01CBD40F-C6D5-4F0D-ACBA-5C12D835CAA3}.Debug|Any CPU.Build.0 = Debug|Any CPU
		{01CBD40F-C6D5-4F0D-ACBA-5C12D835CAA3}.Release|Any CPU.ActiveCfg = Release|Any CPU
		{01CBD40F-C6D5-4F0D-ACBA-5C12D835CAA3}.Release|Any CPU.Build.0 = Release|Any CPU
	EndGlobalSection
	GlobalSection(SolutionProperties) = preSolution
		HideSolutionNode = FALSE
	EndGlobalSection
	GlobalSection(ExtensibilityGlobals) = postSolution
		SolutionGuid = {950C1BA8-BA27-4639-B39D-635091B66C26}
	EndGlobalSection
EndGlobal
